
Microsoft Visual Studio Solution File, Format Version 12.00
# Visual Studio Version 17
VisualStudioVersion = 17.2.32616.157
MinimumVisualStudioVersion = 10.0.40219.1
Project("{FAE04EC0-301F-11D3-BF4B-00C04F79EFBC}") = "Observer", "Observer\Observer.csproj", "{396B5395-1563-4E09-8591-DE390090CBBC}"
EndProject
Global
	GlobalSection(SolutionConfigurationPlatforms) = preSolution
		Debug|Any CPU = Debug|Any CPU
		Release|Any CPU = Release|Any CPU
	EndGlobalSection
	GlobalSection(ProjectConfigurationPlatforms) = postSolution
		{396B5395-1563-4E09-8591-DE390090CBBC}.Debug|Any CPU.ActiveCfg = Debug|Any CPU
		{396B5395-1563-4E09-8591-DE390090CBBC}.Debug|Any CPU.Build.0 = Debug|Any CPU
		{396B5395-1563-4E09-8591-DE390090CBBC}.Release|Any CPU.ActiveCfg = Release|Any CPU
		{396B5395-1563-4E09-8591-DE390090CBBC}.Release|Any CPU.Build.0 = Release|Any CPU
	EndGlobalSection
	GlobalSection(SolutionProperties) = preSolution
		HideSolutionNode = FALSE
	EndGlobalSection
	GlobalSection(ExtensibilityGlobals) = postSolution
		SolutionGuid = {D3592723-C368-4296-B391-96C5848C5496}
	EndGlobalSection
EndGlobal
