
Microsoft Visual Studio Solution File, Format Version 12.00
# Visual Studio Version 17
VisualStudioVersion = 17.2.32616.157
MinimumVisualStudioVersion = 10.0.40219.1
Project("{FAE04EC0-301F-11D3-BF4B-00C04F79EFBC}") = "Singleton", "Singleton\Singleton.csproj", "{C9C18CEE-3F1F-4437-9134-A6AA20848328}"
EndProject
Global
	GlobalSection(SolutionConfigurationPlatforms) = preSolution
		Debug|Any CPU = Debug|Any CPU
		Release|Any CPU = Release|Any CPU
	EndGlobalSection
	GlobalSection(ProjectConfigurationPlatforms) = postSolution
		{C9C18CEE-3F1F-4437-9134-A6AA20848328}.Debug|Any CPU.ActiveCfg = Debug|Any CPU
		{C9C18CEE-3F1F-4437-9134-A6AA20848328}.Debug|Any CPU.Build.0 = Debug|Any CPU
		{C9C18CEE-3F1F-4437-9134-A6AA20848328}.Release|Any CPU.ActiveCfg = Release|Any CPU
		{C9C18CEE-3F1F-4437-9134-A6AA20848328}.Release|Any CPU.Build.0 = Release|Any CPU
	EndGlobalSection
	GlobalSection(SolutionProperties) = preSolution
		HideSolutionNode = FALSE
	EndGlobalSection
	GlobalSection(ExtensibilityGlobals) = postSolution
		SolutionGuid = {027EA42E-E508-48EB-85B6-F869DC53D41D}
	EndGlobalSection
EndGlobal
