
Microsoft Visual Studio Solution File, Format Version 12.00
# Visual Studio Version 17
VisualStudioVersion = 17.2.32616.157
MinimumVisualStudioVersion = 10.0.40219.1
Project("{FAE04EC0-301F-11D3-BF4B-00C04F79EFBC}") = "AbstractFactory", "AbstractFactory\AbstractFactory.csproj", "{193E6C5E-6967-47A9-B22E-28C95E7CBDD0}"
EndProject
Global
	GlobalSection(SolutionConfigurationPlatforms) = preSolution
		Debug|Any CPU = Debug|Any CPU
		Release|Any CPU = Release|Any CPU
	EndGlobalSection
	GlobalSection(ProjectConfigurationPlatforms) = postSolution
		{193E6C5E-6967-47A9-B22E-28C95E7CBDD0}.Debug|Any CPU.ActiveCfg = Debug|Any CPU
		{193E6C5E-6967-47A9-B22E-28C95E7CBDD0}.Debug|Any CPU.Build.0 = Debug|Any CPU
		{193E6C5E-6967-47A9-B22E-28C95E7CBDD0}.Release|Any CPU.ActiveCfg = Release|Any CPU
		{193E6C5E-6967-47A9-B22E-28C95E7CBDD0}.Release|Any CPU.Build.0 = Release|Any CPU
	EndGlobalSection
	GlobalSection(SolutionProperties) = preSolution
		HideSolutionNode = FALSE
	EndGlobalSection
	GlobalSection(ExtensibilityGlobals) = postSolution
		SolutionGuid = {39619172-A4D2-4D30-BF34-F701528684A0}
	EndGlobalSection
EndGlobal
