
Microsoft Visual Studio Solution File, Format Version 12.00
# Visual Studio Version 17
VisualStudioVersion = 17.2.32616.157
MinimumVisualStudioVersion = 10.0.40219.1
Project("{FAE04EC0-301F-11D3-BF4B-00C04F79EFBC}") = "Composite", "Composite\Composite.csproj", "{D94E7A7F-FBDC-4395-892B-6CC8BAB7700C}"
EndProject
Global
	GlobalSection(SolutionConfigurationPlatforms) = preSolution
		Debug|Any CPU = Debug|Any CPU
		Release|Any CPU = Release|Any CPU
	EndGlobalSection
	GlobalSection(ProjectConfigurationPlatforms) = postSolution
		{D94E7A7F-FBDC-4395-892B-6CC8BAB7700C}.Debug|Any CPU.ActiveCfg = Debug|Any CPU
		{D94E7A7F-FBDC-4395-892B-6CC8BAB7700C}.Debug|Any CPU.Build.0 = Debug|Any CPU
		{D94E7A7F-FBDC-4395-892B-6CC8BAB7700C}.Release|Any CPU.ActiveCfg = Release|Any CPU
		{D94E7A7F-FBDC-4395-892B-6CC8BAB7700C}.Release|Any CPU.Build.0 = Release|Any CPU
	EndGlobalSection
	GlobalSection(SolutionProperties) = preSolution
		HideSolutionNode = FALSE
	EndGlobalSection
	GlobalSection(ExtensibilityGlobals) = postSolution
		SolutionGuid = {B5C87530-4D99-4D4A-9816-F19EBE30EF7F}
	EndGlobalSection
EndGlobal
